<?xml version="1.0" encoding="UTF-8"?>
<Scheme
   LastUpgradeVersion = "2600"
   version = "1.7">
   <BuildAction
      parallelizeBuildables = "YES"
      buildImplicitDependencies = "YES"
      buildArchitectures = "Automatic">
      <BuildActionEntries>
         <BuildActionEntry
            buildForTesting = "YES"
            buildForRunning = "YES"
            buildForProfiling = "YES"
            buildForArchiving = "YES"
            buildForAnalyzing = "YES">
            <BuildableReference
               BuildableIdentifier = "primary"
               BlueprintIdentifier = "6EF0C8382BED3CE200E7576F"
               BuildableName = "Sewing Planner.app"
               BlueprintName = "Sewing Planner"
               ReferencedContainer = "container:Sewing Planner.xcodeproj">
            </BuildableReference>
         </BuildActionEntry>
      </BuildActionEntries>
   </BuildAction>
   <TestAction
      buildConfiguration = "Debug"
      selectedDebuggerIdentifier = "Xcode.DebuggerFoundation.Debugger.LLDB"
      selectedLauncherIdentifier = "Xcode.DebuggerFoundation.Launcher.LLDB"
      shouldUseLaunchSchemeArgsEnv = "YES">
      <TestPlans>
         <TestPlanReference
            reference = "container:Sewing Planner.xctestplan"
            default = "YES">
         </TestPlanReference>
      </TestPlans>
      <Testables>
         <TestableReference
            skipped = "NO"
            parallelizable = "YES">
            <BuildableReference
               BuildableIdentifier = "primary"
               BlueprintIdentifier = "6EF0C8492BED3CE400E7576F"
               BuildableName = "Sewing PlannerTests.xctest"
               BlueprintName = "Sewing PlannerTests"
               ReferencedContainer = "container:Sewing Planner.xcodeproj">
            </BuildableReference>
         </TestableReference>
         <TestableReference
            skipped = "NO"
            parallelizable = "YES">
            <BuildableReference
               BuildableIdentifier = "primary"
               BlueprintIdentifier = "6EF0C8532BED3CE400E7576F"
               BuildableName = "Sewing PlannerUITests.xctest"
               BlueprintName = "Sewing PlannerUITests"
               ReferencedContainer = "container:Sewing Planner.xcodeproj">
            </BuildableReference>
         </TestableReference>
         <TestableReference
            skipped = "NO"
            parallelizable = "YES">
            <BuildableReference
               BuildableIdentifier = "primary"
               BlueprintIdentifier = "6E4914192EB2A0B30077C63D"
               BuildableName = "Sewing PlannerUnitTests.xctest"
               BlueprintName = "Sewing PlannerUnitTests"
               ReferencedContainer = "container:Sewing Planner.xcodeproj">
            </BuildableReference>
         </TestableReference>
      </Testables>
   </TestAction>
   <LaunchAction
      buildConfiguration = "Debug"
      selectedDebuggerIdentifier = "Xcode.DebuggerFoundation.Debugger.LLDB"
      selectedLauncherIdentifier = "Xcode.DebuggerFoundation.Launcher.LLDB"
      launchStyle = "0"
      useCustomWorkingDirectory = "NO"
      ignoresPersistentStateOnLaunch = "NO"
      debugDocumentVersioning = "YES"
      debugServiceExtension = "internal"
      allowLocationSimulation = "YES">
      <BuildableProductRunnable
         runnableDebuggingMode = "0">
         <BuildableReference
            BuildableIdentifier = "primary"
            BlueprintIdentifier = "6EF0C8382BED3CE200E7576F"
            BuildableName = "Sewing Planner.app"
            BlueprintName = "Sewing Planner"
            ReferencedContainer = "container:Sewing Planner.xcodeproj">
         </BuildableReference>
      </BuildableProductRunnable>
      <CommandLineArguments>
         <CommandLineArgument
            argument = "--test"
            isEnabled = "NO">
         </CommandLineArgument>
      </CommandLineArguments>
      <AdditionalOptions>
         <AdditionalOption
            key = "MallocScribble"
            value = ""
            isEnabled = "YES">
         </AdditionalOption>
         <AdditionalOption
            key = "PrefersMallocStackLoggingLite"
            value = ""
            isEnabled = "YES">
         </AdditionalOption>
         <AdditionalOption
            key = "MallocGuardEdges"
            value = ""
            isEnabled = "YES">
         </AdditionalOption>
         <AdditionalOption
            key = "MallocStackLogging"
            value = ""
            isEnabled = "YES">
         </AdditionalOption>
      </AdditionalOptions>
   </LaunchAction>
   <ProfileAction
      buildConfiguration = "Release"
      shouldUseLaunchSchemeArgsEnv = "YES"
      savedToolIdentifier = ""
      useCustomWorkingDirectory = "NO"
      debugDocumentVersioning = "YES">
      <BuildableProductRunnable
         runnableDebuggingMode = "0">
         <BuildableReference
            BuildableIdentifier = "primary"
            BlueprintIdentifier = "6EF0C8382BED3CE200E7576F"
            BuildableName = "Sewing Planner.app"
            BlueprintName = "Sewing Planner"
            ReferencedContainer = "container:Sewing Planner.xcodeproj">
         </BuildableReference>
      </BuildableProductRunnable>
   </ProfileAction>
   <AnalyzeAction
      buildConfiguration = "Debug">
   </AnalyzeAction>
   <ArchiveAction
      buildConfiguration = "Release"
      revealArchiveInOrganizer = "YES">
   </ArchiveAction>
</Scheme>
