// !$*UTF8*$!
{
	archiveVersion = 1;
	classes = {
	};
	objectVersion = 70;
	objects = {

/* Begin PBXBuildFile section */
		6E490FBB2EAD46130077C63D /* GRDB in Frameworks */ = {isa = PBXBuildFile; productRef = 6E490FBA2EAD46130077C63D /* GRDB */; };
		6E4913462EB0688B0077C63D /* ReceiveImage.appex in Embed Foundation Extensions */ = {isa = PBXBuildFile; fileRef = 6E2126DE2EAC6AD400A7DC68 /* ReceiveImage.appex */; settings = {ATTRIBUTES = (RemoveHeadersOnCopy, ); }; };
		6E572DC82C497C63008BCF24 /* AllProjectsScreenTests.swift in Sources */ = {isa = PBXBuildFile; fileRef = 6E572DC72C497C63008BCF24 /* AllProjectsScreenTests.swift */; };
		6E572DCB2C49E03F008BCF24 /* GRDB in Frameworks */ = {isa = PBXBuildFile; productRef = 6E572DCA2C49E03F008BCF24 /* GRDB */; };
		6E572DD32C5DB2A0008BCF24 /* NewProjectViewTest.swift in Sources */ = {isa = PBXBuildFile; fileRef = 6E572DD22C5DB2A0008BCF24 /* NewProjectViewTest.swift */; };
		6E9724562C90EAFF0027C487 /* TimestampedRecord.swift in Sources */ = {isa = PBXBuildFile; fileRef = 6E9724552C90EAFF0027C487 /* TimestampedRecord.swift */; };
		6EF0C8412BED3CE400E7576F /* Assets.xcassets in Resources */ = {isa = PBXBuildFile; fileRef = 6EF0C8402BED3CE400E7576F /* Assets.xcassets */; };
		6EF0C8442BED3CE400E7576F /* Preview Assets.xcassets in Resources */ = {isa = PBXBuildFile; fileRef = 6EF0C8432BED3CE400E7576F /* Preview Assets.xcassets */; };
		6EF0C8592BED3CE400E7576F /* Sewing_PlannerUITests.swift in Sources */ = {isa = PBXBuildFile; fileRef = 6EF0C8582BED3CE400E7576F /* Sewing_PlannerUITests.swift */; };
		6EF0C85B2BED3CE400E7576F /* Sewing_PlannerUITestsLaunchTests.swift in Sources */ = {isa = PBXBuildFile; fileRef = 6EF0C85A2BED3CE400E7576F /* Sewing_PlannerUITestsLaunchTests.swift */; };
/* End PBXBuildFile section */

/* Begin PBXContainerItemProxy section */
		6E4913432EAFE71E0077C63D /* PBXContainerItemProxy */ = {
			isa = PBXContainerItemProxy;
			containerPortal = 6EF0C8312BED3CE200E7576F /* Project object */;
			proxyType = 1;
			remoteGlobalIDString = 6E2126DD2EAC6AD400A7DC68;
			remoteInfo = ReceiveImage;
		};
		6E4913472EB0688B0077C63D /* PBXContainerItemProxy */ = {
			isa = PBXContainerItemProxy;
			containerPortal = 6EF0C8312BED3CE200E7576F /* Project object */;
			proxyType = 1;
			remoteGlobalIDString = 6E2126DD2EAC6AD400A7DC68;
			remoteInfo = ReceiveImage;
		};
		6E49141E2EB2A0B30077C63D /* PBXContainerItemProxy */ = {
			isa = PBXContainerItemProxy;
			containerPortal = 6EF0C8312BED3CE200E7576F /* Project object */;
			proxyType = 1;
			remoteGlobalIDString = 6EF0C8382BED3CE200E7576F;
			remoteInfo = "Sewing Planner";
		};
		6EF0C8552BED3CE400E7576F /* PBXContainerItemProxy */ = {
			isa = PBXContainerItemProxy;
			containerPortal = 6EF0C8312BED3CE200E7576F /* Project object */;
			proxyType = 1;
			remoteGlobalIDString = 6EF0C8382BED3CE200E7576F;
			remoteInfo = "Sewing Planner";
		};
/* End PBXContainerItemProxy section */

/* Begin PBXCopyFilesBuildPhase section */
		6E4913492EB0688B0077C63D /* Embed Foundation Extensions */ = {
			isa = PBXCopyFilesBuildPhase;
			buildActionMask = 2147483647;
			dstPath = "";
			dstSubfolderSpec = 13;
			files = (
				6E4913462EB0688B0077C63D /* ReceiveImage.appex in Embed Foundation Extensions */,
			);
			name = "Embed Foundation Extensions";
			runOnlyForDeploymentPostprocessing = 0;
		};
/* End PBXCopyFilesBuildPhase section */

/* Begin PBXFileReference section */
		6E2126DE2EAC6AD400A7DC68 /* ReceiveImage.appex */ = {isa = PBXFileReference; explicitFileType = "wrapper.app-extension"; includeInIndex = 0; path = ReceiveImage.appex; sourceTree = BUILT_PRODUCTS_DIR; };
		6E2126F02EAC6E1000A7DC68 /* Sewing PlannerDebug.entitlements */ = {isa = PBXFileReference; lastKnownFileType = text.plist.entitlements; path = "Sewing PlannerDebug.entitlements"; sourceTree = "<group>"; };
		6E49141A2EB2A0B30077C63D /* Sewing PlannerUnitTests.xctest */ = {isa = PBXFileReference; explicitFileType = wrapper.cfbundle; includeInIndex = 0; path = "Sewing PlannerUnitTests.xctest"; sourceTree = BUILT_PRODUCTS_DIR; };
		6E572DC72C497C63008BCF24 /* AllProjectsScreenTests.swift */ = {isa = PBXFileReference; lastKnownFileType = sourcecode.swift; path = AllProjectsScreenTests.swift; sourceTree = "<group>"; };
		6E572DD22C5DB2A0008BCF24 /* NewProjectViewTest.swift */ = {isa = PBXFileReference; lastKnownFileType = sourcecode.swift; path = NewProjectViewTest.swift; sourceTree = "<group>"; };
		6E9724552C90EAFF0027C487 /* TimestampedRecord.swift */ = {isa = PBXFileReference; lastKnownFileType = sourcecode.swift; path = TimestampedRecord.swift; sourceTree = "<group>"; };
		6E9725102CC6EA4B0027C487 /* Sewing-Planner-Info.plist */ = {isa = PBXFileReference; lastKnownFileType = text.plist; path = "Sewing-Planner-Info.plist"; sourceTree = SOURCE_ROOT; };
		6EBA5ECE2E83212D00DFCD3E /* Sewing Planner.xctestplan */ = {isa = PBXFileReference; lastKnownFileType = text; path = "Sewing Planner.xctestplan"; sourceTree = "<group>"; };
		6EF0C8392BED3CE200E7576F /* Sewing Planner.app */ = {isa = PBXFileReference; explicitFileType = wrapper.application; includeInIndex = 0; path = "Sewing Planner.app"; sourceTree = BUILT_PRODUCTS_DIR; };
		6EF0C8402BED3CE400E7576F /* Assets.xcassets */ = {isa = PBXFileReference; lastKnownFileType = folder.assetcatalog; path = Assets.xcassets; sourceTree = "<group>"; };
		6EF0C8432BED3CE400E7576F /* Preview Assets.xcassets */ = {isa = PBXFileReference; lastKnownFileType = folder.assetcatalog; path = "Preview Assets.xcassets"; sourceTree = "<group>"; };
		6EF0C8452BED3CE400E7576F /* Sewing_Planner.entitlements */ = {isa = PBXFileReference; lastKnownFileType = text.plist.entitlements; path = Sewing_Planner.entitlements; sourceTree = "<group>"; };
		6EF0C84E2BED3CE400E7576F /* Sewing_PlannerTests.swift */ = {isa = PBXFileReference; lastKnownFileType = sourcecode.swift; path = Sewing_PlannerTests.swift; sourceTree = "<group>"; };
		6EF0C8542BED3CE400E7576F /* Sewing PlannerUITests.xctest */ = {isa = PBXFileReference; explicitFileType = wrapper.cfbundle; includeInIndex = 0; path = "Sewing PlannerUITests.xctest"; sourceTree = BUILT_PRODUCTS_DIR; };
		6EF0C8582BED3CE400E7576F /* Sewing_PlannerUITests.swift */ = {isa = PBXFileReference; lastKnownFileType = sourcecode.swift; path = Sewing_PlannerUITests.swift; sourceTree = "<group>"; };
		6EF0C85A2BED3CE400E7576F /* Sewing_PlannerUITestsLaunchTests.swift */ = {isa = PBXFileReference; lastKnownFileType = sourcecode.swift; path = Sewing_PlannerUITestsLaunchTests.swift; sourceTree = "<group>"; };
/* End PBXFileReference section */

/* Begin PBXFileSystemSynchronizedBuildFileExceptionSet section */
		6E2126E92EAC6AD600A7DC68 /* PBXFileSystemSynchronizedBuildFileExceptionSet */ = {
			isa = PBXFileSystemSynchronizedBuildFileExceptionSet;
			membershipExceptions = (
				Info.plist,
			);
			target = 6E2126DD2EAC6AD400A7DC68 /* ReceiveImage */;
		};
		6E3EBC022EC6876E00A3C7F1 /* PBXFileSystemSynchronizedBuildFileExceptionSet */ = {
			isa = PBXFileSystemSynchronizedBuildFileExceptionSet;
			membershipExceptions = (
				AppSettings/AppSettings.swift,
				AppSettings/UserSettings.swift,
			);
			target = 6E4914192EB2A0B30077C63D /* Sewing PlannerUnitTests */;
		};
		6E49126D2EAE62BD0077C63D /* PBXFileSystemSynchronizedBuildFileExceptionSet */ = {
			isa = PBXFileSystemSynchronizedBuildFileExceptionSet;
			membershipExceptions = (
				Persistence.swift,
			);
			target = 6EF0C8382BED3CE200E7576F /* Sewing Planner */;
		};
		6E4914242EB2A1CC0077C63D /* PBXFileSystemSynchronizedBuildFileExceptionSet */ = {
			isa = PBXFileSystemSynchronizedBuildFileExceptionSet;
			membershipExceptions = (
				DatabaseTest.swift,
			);
			target = 6E4914192EB2A0B30077C63D /* Sewing PlannerUnitTests */;
		};
/* End PBXFileSystemSynchronizedBuildFileExceptionSet section */

/* Begin PBXFileSystemSynchronizedRootGroup section */
		6E2126DF2EAC6AD400A7DC68 /* ReceiveImage */ = {isa = PBXFileSystemSynchronizedRootGroup; exceptions = (6E2126E92EAC6AD600A7DC68 /* PBXFileSystemSynchronizedBuildFileExceptionSet */, ); explicitFileTypes = {}; explicitFolders = (); path = ReceiveImage; sourceTree = "<group>"; };
		6E4912692EAE62700077C63D /* SharedExtensionFiles */ = {isa = PBXFileSystemSynchronizedRootGroup; exceptions = (6E49126D2EAE62BD0077C63D /* PBXFileSystemSynchronizedBuildFileExceptionSet */, ); explicitFileTypes = {}; explicitFolders = (); path = SharedExtensionFiles; sourceTree = "<group>"; };
		6E49141B2EB2A0B30077C63D /* Sewing PlannerUnitTests */ = {isa = PBXFileSystemSynchronizedRootGroup; exceptions = (6E4914242EB2A1CC0077C63D /* PBXFileSystemSynchronizedBuildFileExceptionSet */, ); explicitFileTypes = {}; explicitFolders = (); path = "Sewing PlannerUnitTests"; sourceTree = "<group>"; };
		6E748F932CD2CAA90076F1B4 /* Src */ = {isa = PBXFileSystemSynchronizedRootGroup; exceptions = (6E3EBC022EC6876E00A3C7F1 /* PBXFileSystemSynchronizedBuildFileExceptionSet */, ); explicitFileTypes = {}; explicitFolders = (); path = Src; sourceTree = "<group>"; };
		6E748FC92CD2D6110076F1B4 /* Fonts */ = {isa = PBXFileSystemSynchronizedRootGroup; explicitFileTypes = {}; explicitFolders = (); path = Fonts; sourceTree = "<group>"; };
/* End PBXFileSystemSynchronizedRootGroup section */

/* Begin PBXFrameworksBuildPhase section */
		6E2126DB2EAC6AD400A7DC68 /* Frameworks */ = {
			isa = PBXFrameworksBuildPhase;
			buildActionMask = 2147483647;
			files = (
				6E490FBB2EAD46130077C63D /* GRDB in Frameworks */,
			);
			runOnlyForDeploymentPostprocessing = 0;
		};
		6E4914172EB2A0B30077C63D /* Frameworks */ = {
			isa = PBXFrameworksBuildPhase;
			buildActionMask = 2147483647;
			files = (
			);
			runOnlyForDeploymentPostprocessing = 0;
		};
		6EF0C8362BED3CE200E7576F /* Frameworks */ = {
			isa = PBXFrameworksBuildPhase;
			buildActionMask = 2147483647;
			files = (
				6E572DCB2C49E03F008BCF24 /* GRDB in Frameworks */,
			);
			runOnlyForDeploymentPostprocessing = 0;
		};
		6EF0C8512BED3CE400E7576F /* Frameworks */ = {
			isa = PBXFrameworksBuildPhase;
			buildActionMask = 2147483647;
			files = (
			);
			runOnlyForDeploymentPostprocessing = 0;
		};
/* End PBXFrameworksBuildPhase section */

/* Begin PBXGroup section */
		6E490FB92EAD46130077C63D /* Frameworks */ = {
			isa = PBXGroup;
			children = (
			);
			name = Frameworks;
			sourceTree = "<group>";
		};
		6EF0C8302BED3CE200E7576F = {
			isa = PBXGroup;
			children = (
				6E4912692EAE62700077C63D /* SharedExtensionFiles */,
				6EBA5ECE2E83212D00DFCD3E /* Sewing Planner.xctestplan */,
				6EF0C83B2BED3CE200E7576F /* Sewing Planner */,
				6EF0C84D2BED3CE400E7576F /* Sewing PlannerTests */,
				6EF0C8572BED3CE400E7576F /* Sewing PlannerUITests */,
				6E2126DF2EAC6AD400A7DC68 /* ReceiveImage */,
				6E49141B2EB2A0B30077C63D /* Sewing PlannerUnitTests */,
				6E490FB92EAD46130077C63D /* Frameworks */,
				6EF0C83A2BED3CE200E7576F /* Products */,
			);
			sourceTree = "<group>";
		};
		6EF0C83A2BED3CE200E7576F /* Products */ = {
			isa = PBXGroup;
			children = (
				6EF0C8392BED3CE200E7576F /* Sewing Planner.app */,
				6EF0C8542BED3CE400E7576F /* Sewing PlannerUITests.xctest */,
				6E2126DE2EAC6AD400A7DC68 /* ReceiveImage.appex */,
				6E49141A2EB2A0B30077C63D /* Sewing PlannerUnitTests.xctest */,
			);
			name = Products;
			sourceTree = "<group>";
		};
		6EF0C83B2BED3CE200E7576F /* Sewing Planner */ = {
			isa = PBXGroup;
			children = (
				6E2126F02EAC6E1000A7DC68 /* Sewing PlannerDebug.entitlements */,
				6E748FC92CD2D6110076F1B4 /* Fonts */,
				6E748F932CD2CAA90076F1B4 /* Src */,
				6E9725102CC6EA4B0027C487 /* Sewing-Planner-Info.plist */,
				6EF0C8402BED3CE400E7576F /* Assets.xcassets */,
				6EF0C8452BED3CE400E7576F /* Sewing_Planner.entitlements */,
				6EF0C8422BED3CE400E7576F /* Preview Content */,
				6E9724552C90EAFF0027C487 /* TimestampedRecord.swift */,
			);
			path = "Sewing Planner";
			sourceTree = "<group>";
		};
		6EF0C8422BED3CE400E7576F /* Preview Content */ = {
			isa = PBXGroup;
			children = (
				6EF0C8432BED3CE400E7576F /* Preview Assets.xcassets */,
			);
			path = "Preview Content";
			sourceTree = "<group>";
		};
		6EF0C84D2BED3CE400E7576F /* Sewing PlannerTests */ = {
			isa = PBXGroup;
			children = (
				6EF0C84E2BED3CE400E7576F /* Sewing_PlannerTests.swift */,
			);
			path = "Sewing PlannerTests";
			sourceTree = "<group>";
		};
		6EF0C8572BED3CE400E7576F /* Sewing PlannerUITests */ = {
			isa = PBXGroup;
			children = (
				6EF0C8582BED3CE400E7576F /* Sewing_PlannerUITests.swift */,
				6EF0C85A2BED3CE400E7576F /* Sewing_PlannerUITestsLaunchTests.swift */,
				6E572DC72C497C63008BCF24 /* AllProjectsScreenTests.swift */,
				6E572DD22C5DB2A0008BCF24 /* NewProjectViewTest.swift */,
			);
			path = "Sewing PlannerUITests";
			sourceTree = "<group>";
		};
/* End PBXGroup section */

/* Begin PBXNativeTarget section */
		6E2126DD2EAC6AD400A7DC68 /* ReceiveImage */ = {
			isa = PBXNativeTarget;
			buildConfigurationList = 6E2126EA2EAC6AD600A7DC68 /* Build configuration list for PBXNativeTarget "ReceiveImage" */;
			buildPhases = (
				6E2126DA2EAC6AD400A7DC68 /* Sources */,
				6E2126DB2EAC6AD400A7DC68 /* Frameworks */,
				6E2126DC2EAC6AD400A7DC68 /* Resources */,
			);
			buildRules = (
			);
			dependencies = (
			);
			fileSystemSynchronizedGroups = (
				6E2126DF2EAC6AD400A7DC68 /* ReceiveImage */,
				6E4912692EAE62700077C63D /* SharedExtensionFiles */,
			);
			name = ReceiveImage;
			packageProductDependencies = (
				6E490FBA2EAD46130077C63D /* GRDB */,
			);
			productName = ReceiveImage;
			productReference = 6E2126DE2EAC6AD400A7DC68 /* ReceiveImage.appex */;
			productType = "com.apple.product-type.app-extension";
		};
		6E4914192EB2A0B30077C63D /* Sewing PlannerUnitTests */ = {
			isa = PBXNativeTarget;
			buildConfigurationList = 6E4914202EB2A0B30077C63D /* Build configuration list for PBXNativeTarget "Sewing PlannerUnitTests" */;
			buildPhases = (
				6E4914162EB2A0B30077C63D /* Sources */,
				6E4914172EB2A0B30077C63D /* Frameworks */,
				6E4914182EB2A0B30077C63D /* Resources */,
			);
			buildRules = (
			);
			dependencies = (
				6E49141F2EB2A0B30077C63D /* PBXTargetDependency */,
			);
			fileSystemSynchronizedGroups = (
				6E49141B2EB2A0B30077C63D /* Sewing PlannerUnitTests */,
			);
			name = "Sewing PlannerUnitTests";
			packageProductDependencies = (
			);
			productName = "Sewing PlannerUnitTests";
			productReference = 6E49141A2EB2A0B30077C63D /* Sewing PlannerUnitTests.xctest */;
			productType = "com.apple.product-type.bundle.unit-test";
		};
		6EF0C8382BED3CE200E7576F /* Sewing Planner */ = {
			isa = PBXNativeTarget;
			buildConfigurationList = 6EF0C85E2BED3CE400E7576F /* Build configuration list for PBXNativeTarget "Sewing Planner" */;
			buildPhases = (
				6EF0C8352BED3CE200E7576F /* Sources */,
				6EF0C8362BED3CE200E7576F /* Frameworks */,
				6EF0C8372BED3CE200E7576F /* Resources */,
				6E4913492EB0688B0077C63D /* Embed Foundation Extensions */,
			);
			buildRules = (
			);
			dependencies = (
				6E4913442EAFE71E0077C63D /* PBXTargetDependency */,
				6E4913482EB0688B0077C63D /* PBXTargetDependency */,
			);
			fileSystemSynchronizedGroups = (
				6E748F932CD2CAA90076F1B4 /* Src */,
				6E748FC92CD2D6110076F1B4 /* Fonts */,
			);
			name = "Sewing Planner";
			packageProductDependencies = (
				6E572DCA2C49E03F008BCF24 /* GRDB */,
			);
			productName = "Sewing Planner";
			productReference = 6EF0C8392BED3CE200E7576F /* Sewing Planner.app */;
			productType = "com.apple.product-type.application";
		};
		6EF0C8532BED3CE400E7576F /* Sewing PlannerUITests */ = {
			isa = PBXNativeTarget;
			buildConfigurationList = 6EF0C8642BED3CE400E7576F /* Build configuration list for PBXNativeTarget "Sewing PlannerUITests" */;
			buildPhases = (
				6EF0C8502BED3CE400E7576F /* Sources */,
				6EF0C8512BED3CE400E7576F /* Frameworks */,
				6EF0C8522BED3CE400E7576F /* Resources */,
			);
			buildRules = (
			);
			dependencies = (
				6EF0C8562BED3CE400E7576F /* PBXTargetDependency */,
			);
			name = "Sewing PlannerUITests";
			productName = "Sewing PlannerUITests";
			productReference = 6EF0C8542BED3CE400E7576F /* Sewing PlannerUITests.xctest */;
			productType = "com.apple.product-type.bundle.ui-testing";
		};
/* End PBXNativeTarget section */

/* Begin PBXProject section */
		6EF0C8312BED3CE200E7576F /* Project object */ = {
			isa = PBXProject;
			attributes = {
				BuildIndependentTargetsInParallel = 1;
				LastSwiftUpdateCheck = 2600;
				LastUpgradeCheck = 2600;
				TargetAttributes = {
					6E2126DD2EAC6AD400A7DC68 = {
						CreatedOnToolsVersion = 26.0.1;
					};
					6E4914192EB2A0B30077C63D = {
						CreatedOnToolsVersion = 26.0.1;
						TestTargetID = 6EF0C8382BED3CE200E7576F;
					};
					6EF0C8382BED3CE200E7576F = {
						CreatedOnToolsVersion = 15.3;
					};
					6EF0C8532BED3CE400E7576F = {
						CreatedOnToolsVersion = 15.3;
						TestTargetID = 6EF0C8382BED3CE200E7576F;
					};
				};
			};
			buildConfigurationList = 6EF0C8342BED3CE200E7576F /* Build configuration list for PBXProject "Sewing Planner" */;
			compatibilityVersion = "Xcode 14.0";
			developmentRegion = en;
			hasScannedForEncodings = 0;
			knownRegions = (
				en,
				Base,
			);
			mainGroup = 6EF0C8302BED3CE200E7576F;
			packageReferences = (
				6E572DC92C49E03F008BCF24 /* XCRemoteSwiftPackageReference "GRDB.swift" */,
			);
			productRefGroup = 6EF0C83A2BED3CE200E7576F /* Products */;
			projectDirPath = "";
			projectRoot = "";
			targets = (
				6EF0C8382BED3CE200E7576F /* Sewing Planner */,
				6EF0C8532BED3CE400E7576F /* Sewing PlannerUITests */,
				6E2126DD2EAC6AD400A7DC68 /* ReceiveImage */,
				6E4914192EB2A0B30077C63D /* Sewing PlannerUnitTests */,
			);
		};
/* End PBXProject section */

/* Begin PBXResourcesBuildPhase section */
		6E2126DC2EAC6AD400A7DC68 /* Resources */ = {
			isa = PBXResourcesBuildPhase;
			buildActionMask = 2147483647;
			files = (
			);
			runOnlyForDeploymentPostprocessing = 0;
		};
		6E4914182EB2A0B30077C63D /* Resources */ = {
			isa = PBXResourcesBuildPhase;
			buildActionMask = 2147483647;
			files = (
			);
			runOnlyForDeploymentPostprocessing = 0;
		};
		6EF0C8372BED3CE200E7576F /* Resources */ = {
			isa = PBXResourcesBuildPhase;
			buildActionMask = 2147483647;
			files = (
				6EF0C8442BED3CE400E7576F /* Preview Assets.xcassets in Resources */,
				6EF0C8412BED3CE400E7576F /* Assets.xcassets in Resources */,
			);
			runOnlyForDeploymentPostprocessing = 0;
		};
		6EF0C8522BED3CE400E7576F /* Resources */ = {
			isa = PBXResourcesBuildPhase;
			buildActionMask = 2147483647;
			files = (
			);
			runOnlyForDeploymentPostprocessing = 0;
		};
/* End PBXResourcesBuildPhase section */

/* Begin PBXSourcesBuildPhase section */
		6E2126DA2EAC6AD400A7DC68 /* Sources */ = {
			isa = PBXSourcesBuildPhase;
			buildActionMask = 2147483647;
			files = (
			);
			runOnlyForDeploymentPostprocessing = 0;
		};
		6E4914162EB2A0B30077C63D /* Sources */ = {
			isa = PBXSourcesBuildPhase;
			buildActionMask = 2147483647;
			files = (
			);
			runOnlyForDeploymentPostprocessing = 0;
		};
		6EF0C8352BED3CE200E7576F /* Sources */ = {
			isa = PBXSourcesBuildPhase;
			buildActionMask = 2147483647;
			files = (
				6E9724562C90EAFF0027C487 /* TimestampedRecord.swift in Sources */,
			);
			runOnlyForDeploymentPostprocessing = 0;
		};
		6EF0C8502BED3CE400E7576F /* Sources */ = {
			isa = PBXSourcesBuildPhase;
			buildActionMask = 2147483647;
			files = (
				6EF0C85B2BED3CE400E7576F /* Sewing_PlannerUITestsLaunchTests.swift in Sources */,
				6EF0C8592BED3CE400E7576F /* Sewing_PlannerUITests.swift in Sources */,
				6E572DC82C497C63008BCF24 /* AllProjectsScreenTests.swift in Sources */,
				6E572DD32C5DB2A0008BCF24 /* NewProjectViewTest.swift in Sources */,
			);
			runOnlyForDeploymentPostprocessing = 0;
		};
/* End PBXSourcesBuildPhase section */

/* Begin PBXTargetDependency section */
		6E4913442EAFE71E0077C63D /* PBXTargetDependency */ = {
			isa = PBXTargetDependency;
			target = 6E2126DD2EAC6AD400A7DC68 /* ReceiveImage */;
			targetProxy = 6E4913432EAFE71E0077C63D /* PBXContainerItemProxy */;
		};
		6E4913482EB0688B0077C63D /* PBXTargetDependency */ = {
			isa = PBXTargetDependency;
			target = 6E2126DD2EAC6AD400A7DC68 /* ReceiveImage */;
			targetProxy = 6E4913472EB0688B0077C63D /* PBXContainerItemProxy */;
		};
		6E49141F2EB2A0B30077C63D /* PBXTargetDependency */ = {
			isa = PBXTargetDependency;
			target = 6EF0C8382BED3CE200E7576F /* Sewing Planner */;
			targetProxy = 6E49141E2EB2A0B30077C63D /* PBXContainerItemProxy */;
		};
		6EF0C8562BED3CE400E7576F /* PBXTargetDependency */ = {
			isa = PBXTargetDependency;
			target = 6EF0C8382BED3CE200E7576F /* Sewing Planner */;
			targetProxy = 6EF0C8552BED3CE400E7576F /* PBXContainerItemProxy */;
		};
/* End PBXTargetDependency section */

/* Begin XCBuildConfiguration section */
		6E2126EB2EAC6AD600A7DC68 /* Debug */ = {
			isa = XCBuildConfiguration;
			buildSettings = {
				CODE_SIGN_ENTITLEMENTS = ReceiveImage/ReceiveImageDebug.entitlements;
				CODE_SIGN_STYLE = Automatic;
				CURRENT_PROJECT_VERSION = 1;
				DEVELOPMENT_TEAM = NPC4W8575Q;
				GENERATE_INFOPLIST_FILE = YES;
				INFOPLIST_FILE = ReceiveImage/Info.plist;
				INFOPLIST_KEY_CFBundleDisplayName = ReceiveImage;
				INFOPLIST_KEY_NSHumanReadableCopyright = "";
				IPHONEOS_DEPLOYMENT_TARGET = 18.6;
				LD_RUNPATH_SEARCH_PATHS = (
					"$(inherited)",
					"@executable_path/Frameworks",
					"@executable_path/../../Frameworks",
				);
				MARKETING_VERSION = 1.0;
				PRODUCT_BUNDLE_IDENTIFIER = "com.Sewing-Planner.ReceiveImage";
				PRODUCT_NAME = "$(TARGET_NAME)";
				SKIP_INSTALL = YES;
				STRING_CATALOG_GENERATE_SYMBOLS = YES;
				SUPPORTED_PLATFORMS = "iphoneos iphonesimulator";
				SUPPORTS_MACCATALYST = NO;
				SUPPORTS_MAC_DESIGNED_FOR_IPHONE_IPAD = NO;
				SUPPORTS_XR_DESIGNED_FOR_IPHONE_IPAD = NO;
				SWIFT_APPROACHABLE_CONCURRENCY = YES;
				SWIFT_EMIT_LOC_STRINGS = YES;
				SWIFT_UPCOMING_FEATURE_MEMBER_IMPORT_VISIBILITY = YES;
				SWIFT_VERSION = 5.0;
				TARGETED_DEVICE_FAMILY = 1;
			};
			name = Debug;
		};
		6E2126EC2EAC6AD600A7DC68 /* Release */ = {
			isa = XCBuildConfiguration;
			buildSettings = {
				CODE_SIGN_ENTITLEMENTS = ReceiveImage/ReceiveImageRelease.entitlements;
				CODE_SIGN_STYLE = Automatic;
				CURRENT_PROJECT_VERSION = 1;
				DEVELOPMENT_TEAM = NPC4W8575Q;
				GENERATE_INFOPLIST_FILE = YES;
				INFOPLIST_FILE = ReceiveImage/Info.plist;
				INFOPLIST_KEY_CFBundleDisplayName = ReceiveImage;
				INFOPLIST_KEY_NSHumanReadableCopyright = "";
				IPHONEOS_DEPLOYMENT_TARGET = 18.6;
				LD_RUNPATH_SEARCH_PATHS = (
					"$(inherited)",
					"@executable_path/Frameworks",
					"@executable_path/../../Frameworks",
				);
				MARKETING_VERSION = 1.0;
				PRODUCT_BUNDLE_IDENTIFIER = "com.Sewing-Planner.ReceiveImage";
				PRODUCT_NAME = "$(TARGET_NAME)";
				SKIP_INSTALL = YES;
				STRING_CATALOG_GENERATE_SYMBOLS = YES;
				SUPPORTED_PLATFORMS = "iphoneos iphonesimulator";
				SUPPORTS_MACCATALYST = NO;
				SUPPORTS_MAC_DESIGNED_FOR_IPHONE_IPAD = NO;
				SUPPORTS_XR_DESIGNED_FOR_IPHONE_IPAD = NO;
				SWIFT_APPROACHABLE_CONCURRENCY = YES;
				SWIFT_EMIT_LOC_STRINGS = YES;
				SWIFT_UPCOMING_FEATURE_MEMBER_IMPORT_VISIBILITY = YES;
				SWIFT_VERSION = 5.0;
				TARGETED_DEVICE_FAMILY = 1;
				VALIDATE_PRODUCT = YES;
			};
			name = Release;
		};
		6E4914212EB2A0B30077C63D /* Debug */ = {
			isa = XCBuildConfiguration;
			buildSettings = {
				BUNDLE_LOADER = "$(TEST_HOST)";
				CODE_SIGN_STYLE = Automatic;
				CURRENT_PROJECT_VERSION = 1;
				DEVELOPMENT_TEAM = NPC4W8575Q;
				GENERATE_INFOPLIST_FILE = YES;
				IPHONEOS_DEPLOYMENT_TARGET = 18.6;
				MARKETING_VERSION = 1.0;
				PRODUCT_BUNDLE_IDENTIFIER = "com.Sewing-PlannerUnitTests";
				PRODUCT_NAME = "$(TARGET_NAME)";
				STRING_CATALOG_GENERATE_SYMBOLS = NO;
				SUPPORTED_PLATFORMS = "iphoneos iphonesimulator";
				SUPPORTS_MACCATALYST = NO;
				SUPPORTS_MAC_DESIGNED_FOR_IPHONE_IPAD = NO;
				SUPPORTS_XR_DESIGNED_FOR_IPHONE_IPAD = NO;
				SWIFT_APPROACHABLE_CONCURRENCY = YES;
				SWIFT_EMIT_LOC_STRINGS = NO;
				SWIFT_UPCOMING_FEATURE_MEMBER_IMPORT_VISIBILITY = YES;
				SWIFT_VERSION = 5.0;
				TARGETED_DEVICE_FAMILY = 1;
				TEST_HOST = "$(BUILT_PRODUCTS_DIR)/Sewing Planner.app/$(BUNDLE_EXECUTABLE_FOLDER_PATH)/Sewing Planner";
			};
			name = Debug;
		};
		6E4914222EB2A0B30077C63D /* Release */ = {
			isa = XCBuildConfiguration;
			buildSettings = {
				BUNDLE_LOADER = "$(TEST_HOST)";
				CODE_SIGN_STYLE = Automatic;
				CURRENT_PROJECT_VERSION = 1;
				GENERATE_INFOPLIST_FILE = YES;
				IPHONEOS_DEPLOYMENT_TARGET = 18.6;
				MARKETING_VERSION = 1.0;
				PRODUCT_BUNDLE_IDENTIFIER = "com.Sewing-PlannerUnitTests";
				PRODUCT_NAME = "$(TARGET_NAME)";
				STRING_CATALOG_GENERATE_SYMBOLS = NO;
				SUPPORTED_PLATFORMS = "iphoneos iphonesimulator";
				SUPPORTS_MACCATALYST = NO;
				SUPPORTS_MAC_DESIGNED_FOR_IPHONE_IPAD = NO;
				SUPPORTS_XR_DESIGNED_FOR_IPHONE_IPAD = NO;
				SWIFT_APPROACHABLE_CONCURRENCY = YES;
				SWIFT_EMIT_LOC_STRINGS = NO;
				SWIFT_UPCOMING_FEATURE_MEMBER_IMPORT_VISIBILITY = YES;
				SWIFT_VERSION = 5.0;
				TARGETED_DEVICE_FAMILY = 1;
				TEST_HOST = "$(BUILT_PRODUCTS_DIR)/Sewing Planner.app/$(BUNDLE_EXECUTABLE_FOLDER_PATH)/Sewing Planner";
				VALIDATE_PRODUCT = YES;
			};
			name = Release;
		};
		6EF0C85C2BED3CE400E7576F /* Debug */ = {
			isa = XCBuildConfiguration;
			buildSettings = {
				ALWAYS_SEARCH_USER_PATHS = NO;
				ASSETCATALOG_COMPILER_GENERATE_SWIFT_ASSET_SYMBOL_EXTENSIONS = YES;
				CLANG_ANALYZER_NONNULL = YES;
				CLANG_ANALYZER_NUMBER_OBJECT_CONVERSION = YES_AGGRESSIVE;
				CLANG_CXX_LANGUAGE_STANDARD = "gnu++20";
				CLANG_ENABLE_MODULES = YES;
				CLANG_ENABLE_OBJC_ARC = YES;
				CLANG_ENABLE_OBJC_WEAK = YES;
				CLANG_WARN_BLOCK_CAPTURE_AUTORELEASING = YES;
				CLANG_WARN_BOOL_CONVERSION = YES;
				CLANG_WARN_COMMA = YES;
				CLANG_WARN_CONSTANT_CONVERSION = YES;
				CLANG_WARN_DEPRECATED_OBJC_IMPLEMENTATIONS = YES;
				CLANG_WARN_DIRECT_OBJC_ISA_USAGE = YES_ERROR;
				CLANG_WARN_DOCUMENTATION_COMMENTS = YES;
				CLANG_WARN_EMPTY_BODY = YES;
				CLANG_WARN_ENUM_CONVERSION = YES;
				CLANG_WARN_INFINITE_RECURSION = YES;
				CLANG_WARN_INT_CONVERSION = YES;
				CLANG_WARN_NON_LITERAL_NULL_CONVERSION = YES;
				CLANG_WARN_OBJC_IMPLICIT_RETAIN_SELF = YES;
				CLANG_WARN_OBJC_LITERAL_CONVERSION = YES;
				CLANG_WARN_OBJC_ROOT_CLASS = YES_ERROR;
				CLANG_WARN_QUOTED_INCLUDE_IN_FRAMEWORK_HEADER = YES;
				CLANG_WARN_RANGE_LOOP_ANALYSIS = YES;
				CLANG_WARN_STRICT_PROTOTYPES = YES;
				CLANG_WARN_SUSPICIOUS_MOVE = YES;
				CLANG_WARN_UNGUARDED_AVAILABILITY = YES_AGGRESSIVE;
				CLANG_WARN_UNREACHABLE_CODE = YES;
				CLANG_WARN__DUPLICATE_METHOD_MATCH = YES;
				COPY_PHASE_STRIP = NO;
				DEBUG_INFORMATION_FORMAT = dwarf;
				ENABLE_STRICT_OBJC_MSGSEND = YES;
				ENABLE_TESTABILITY = YES;
				ENABLE_USER_SCRIPT_SANDBOXING = YES;
				GCC_C_LANGUAGE_STANDARD = gnu17;
				GCC_DYNAMIC_NO_PIC = NO;
				GCC_NO_COMMON_BLOCKS = YES;
				GCC_OPTIMIZATION_LEVEL = 0;
				GCC_PREPROCESSOR_DEFINITIONS = (
					"DEBUG=1",
					"$(inherited)",
				);
				GCC_WARN_64_TO_32_BIT_CONVERSION = YES;
				GCC_WARN_ABOUT_RETURN_TYPE = YES_ERROR;
				GCC_WARN_UNDECLARED_SELECTOR = YES;
				GCC_WARN_UNINITIALIZED_AUTOS = YES_AGGRESSIVE;
				GCC_WARN_UNUSED_FUNCTION = YES;
				GCC_WARN_UNUSED_VARIABLE = YES;
				LOCALIZATION_PREFERS_STRING_CATALOGS = YES;
				MACOSX_DEPLOYMENT_TARGET = 14.4;
				MTL_ENABLE_DEBUG_INFO = INCLUDE_SOURCE;
				MTL_FAST_MATH = YES;
				ONLY_ACTIVE_ARCH = YES;
				SDKROOT = iphoneos;
				STRING_CATALOG_GENERATE_SYMBOLS = YES;
				SWIFT_ACTIVE_COMPILATION_CONDITIONS = "DEBUG $(inherited)";
				SWIFT_OPTIMIZATION_LEVEL = "-Onone";
			};
			name = Debug;
		};
		6EF0C85D2BED3CE400E7576F /* Release */ = {
			isa = XCBuildConfiguration;
			buildSettings = {
				ALWAYS_SEARCH_USER_PATHS = NO;
				ASSETCATALOG_COMPILER_GENERATE_SWIFT_ASSET_SYMBOL_EXTENSIONS = YES;
				CLANG_ANALYZER_NONNULL = YES;
				CLANG_ANALYZER_NUMBER_OBJECT_CONVERSION = YES_AGGRESSIVE;
				CLANG_CXX_LANGUAGE_STANDARD = "gnu++20";
				CLANG_ENABLE_MODULES = YES;
				CLANG_ENABLE_OBJC_ARC = YES;
				CLANG_ENABLE_OBJC_WEAK = YES;
				CLANG_WARN_BLOCK_CAPTURE_AUTORELEASING = YES;
				CLANG_WARN_BOOL_CONVERSION = YES;
				CLANG_WARN_COMMA = YES;
				CLANG_WARN_CONSTANT_CONVERSION = YES;
				CLANG_WARN_DEPRECATED_OBJC_IMPLEMENTATIONS = YES;
				CLANG_WARN_DIRECT_OBJC_ISA_USAGE = YES_ERROR;
				CLANG_WARN_DOCUMENTATION_COMMENTS = YES;
				CLANG_WARN_EMPTY_BODY = YES;
				CLANG_WARN_ENUM_CONVERSION = YES;
				CLANG_WARN_INFINITE_RECURSION = YES;
				CLANG_WARN_INT_CONVERSION = YES;
				CLANG_WARN_NON_LITERAL_NULL_CONVERSION = YES;
				CLANG_WARN_OBJC_IMPLICIT_RETAIN_SELF = YES;
				CLANG_WARN_OBJC_LITERAL_CONVERSION = YES;
				CLANG_WARN_OBJC_ROOT_CLASS = YES_ERROR;
				CLANG_WARN_QUOTED_INCLUDE_IN_FRAMEWORK_HEADER = YES;
				CLANG_WARN_RANGE_LOOP_ANALYSIS = YES;
				CLANG_WARN_STRICT_PROTOTYPES = YES;
				CLANG_WARN_SUSPICIOUS_MOVE = YES;
				CLANG_WARN_UNGUARDED_AVAILABILITY = YES_AGGRESSIVE;
				CLANG_WARN_UNREACHABLE_CODE = YES;
				CLANG_WARN__DUPLICATE_METHOD_MATCH = YES;
				COPY_PHASE_STRIP = NO;
				DEBUG_INFORMATION_FORMAT = "dwarf-with-dsym";
				ENABLE_NS_ASSERTIONS = NO;
				ENABLE_STRICT_OBJC_MSGSEND = YES;
				ENABLE_USER_SCRIPT_SANDBOXING = YES;
				GCC_C_LANGUAGE_STANDARD = gnu17;
				GCC_NO_COMMON_BLOCKS = YES;
				GCC_OPTIMIZATION_LEVEL = fast;
				GCC_WARN_64_TO_32_BIT_CONVERSION = YES;
				GCC_WARN_ABOUT_RETURN_TYPE = YES_ERROR;
				GCC_WARN_UNDECLARED_SELECTOR = YES;
				GCC_WARN_UNINITIALIZED_AUTOS = YES_AGGRESSIVE;
				GCC_WARN_UNUSED_FUNCTION = YES;
				GCC_WARN_UNUSED_VARIABLE = YES;
				LOCALIZATION_PREFERS_STRING_CATALOGS = YES;
				MACOSX_DEPLOYMENT_TARGET = 14.4;
				MTL_ENABLE_DEBUG_INFO = NO;
				MTL_FAST_MATH = YES;
				ONLY_ACTIVE_ARCH = YES;
				SDKROOT = iphoneos;
				STRING_CATALOG_GENERATE_SYMBOLS = YES;
				SWIFT_COMPILATION_MODE = wholemodule;
			};
			name = Release;
		};
		6EF0C85F2BED3CE400E7576F /* Debug */ = {
			isa = XCBuildConfiguration;
			buildSettings = {
				ASSETCATALOG_COMPILER_APPICON_NAME = AppIcon;
				ASSETCATALOG_COMPILER_GLOBAL_ACCENT_COLOR_NAME = AccentColor;
				CODE_SIGN_ENTITLEMENTS = "Sewing Planner/Sewing PlannerDebug.entitlements";
				"CODE_SIGN_IDENTITY[sdk=macosx*]" = "-";
				CODE_SIGN_STYLE = Automatic;
				COMBINE_HIDPI_IMAGES = YES;
				CURRENT_PROJECT_VERSION = 1;
				DEVELOPMENT_ASSET_PATHS = "\"Sewing Planner/Preview Content\"";
				DEVELOPMENT_TEAM = NPC4W8575Q;
				ENABLE_APP_SANDBOX = YES;
				ENABLE_FILE_ACCESS_PICTURE_FOLDER = readonly;
				ENABLE_PREVIEWS = YES;
				ENABLE_USER_SELECTED_FILES = readonly;
				GENERATE_INFOPLIST_FILE = YES;
				INFOPLIST_FILE = "Sewing-Planner-Info.plist";
				INFOPLIST_KEY_NSHumanReadableCopyright = "";
				IPHONEOS_DEPLOYMENT_TARGET = 18.6;
				LD_RUNPATH_SEARCH_PATHS = (
					"$(inherited)",
					"@executable_path/../Frameworks",
				);
				MARKETING_VERSION = 1.0;
				PRODUCT_BUNDLE_IDENTIFIER = "com.Sewing-Planner";
				PRODUCT_NAME = "$(TARGET_NAME)";
				SUPPORTED_PLATFORMS = "iphoneos iphonesimulator";
				SUPPORTS_MACCATALYST = NO;
				SUPPORTS_MAC_DESIGNED_FOR_IPHONE_IPAD = NO;
				SUPPORTS_XR_DESIGNED_FOR_IPHONE_IPAD = NO;
				SWIFT_EMIT_LOC_STRINGS = YES;
				SWIFT_VERSION = 5.0;
				TARGETED_DEVICE_FAMILY = 1;
			};
			name = Debug;
		};
		6EF0C8602BED3CE400E7576F /* Release */ = {
			isa = XCBuildConfiguration;
			buildSettings = {
				ASSETCATALOG_COMPILER_APPICON_NAME = AppIcon;
				ASSETCATALOG_COMPILER_GLOBAL_ACCENT_COLOR_NAME = AccentColor;
				CODE_SIGN_ENTITLEMENTS = "Sewing Planner/Sewing_Planner.entitlements";
				"CODE_SIGN_IDENTITY[sdk=macosx*]" = "-";
				CODE_SIGN_STYLE = Automatic;
				COMBINE_HIDPI_IMAGES = YES;
				CURRENT_PROJECT_VERSION = 1;
				DEVELOPMENT_ASSET_PATHS = "\"Sewing Planner/Preview Content\"";
				DEVELOPMENT_TEAM = NPC4W8575Q;
				ENABLE_APP_SANDBOX = YES;
				ENABLE_FILE_ACCESS_PICTURE_FOLDER = readonly;
				ENABLE_PREVIEWS = YES;
				ENABLE_USER_SELECTED_FILES = readonly;
				GENERATE_INFOPLIST_FILE = YES;
				INFOPLIST_FILE = "Sewing-Planner-Info.plist";
				INFOPLIST_KEY_NSHumanReadableCopyright = "";
				IPHONEOS_DEPLOYMENT_TARGET = 18.6;
				LD_RUNPATH_SEARCH_PATHS = (
					"$(inherited)",
					"@executable_path/../Frameworks",
				);
				MARKETING_VERSION = 1.0;
				PRODUCT_BUNDLE_IDENTIFIER = "com.Sewing-Planner";
				PRODUCT_NAME = "$(TARGET_NAME)";
				SUPPORTED_PLATFORMS = "iphoneos iphonesimulator";
				SUPPORTS_MACCATALYST = NO;
				SUPPORTS_MAC_DESIGNED_FOR_IPHONE_IPAD = NO;
				SUPPORTS_XR_DESIGNED_FOR_IPHONE_IPAD = NO;
				SWIFT_EMIT_LOC_STRINGS = YES;
				SWIFT_VERSION = 5.0;
				TARGETED_DEVICE_FAMILY = 1;
			};
			name = Release;
		};
		6EF0C8652BED3CE400E7576F /* Debug */ = {
			isa = XCBuildConfiguration;
			buildSettings = {
				CODE_SIGN_STYLE = Automatic;
				CURRENT_PROJECT_VERSION = 1;
				DEVELOPMENT_TEAM = NPC4W8575Q;
				GENERATE_INFOPLIST_FILE = YES;
				IPHONEOS_DEPLOYMENT_TARGET = 18.6;
				MARKETING_VERSION = 1.0;
				PRODUCT_BUNDLE_IDENTIFIER = "com.Sewing-PlannerUITests";
				PRODUCT_NAME = "$(TARGET_NAME)";
				SUPPORTED_PLATFORMS = "iphoneos iphonesimulator";
				SUPPORTS_MACCATALYST = NO;
				SUPPORTS_MAC_DESIGNED_FOR_IPHONE_IPAD = NO;
				SUPPORTS_XR_DESIGNED_FOR_IPHONE_IPAD = NO;
				SWIFT_EMIT_LOC_STRINGS = NO;
				SWIFT_VERSION = 5.0;
				TARGETED_DEVICE_FAMILY = 1;
				TEST_TARGET_NAME = "Sewing Planner";
			};
			name = Debug;
		};
		6EF0C8662BED3CE400E7576F /* Release */ = {
			isa = XCBuildConfiguration;
			buildSettings = {
				CODE_SIGN_STYLE = Automatic;
				CURRENT_PROJECT_VERSION = 1;
				GENERATE_INFOPLIST_FILE = YES;
				IPHONEOS_DEPLOYMENT_TARGET = 18.6;
				MARKETING_VERSION = 1.0;
				PRODUCT_BUNDLE_IDENTIFIER = "com.Sewing-PlannerUITests";
				PRODUCT_NAME = "$(TARGET_NAME)";
				SUPPORTED_PLATFORMS = "iphoneos iphonesimulator";
				SUPPORTS_MACCATALYST = NO;
				SUPPORTS_MAC_DESIGNED_FOR_IPHONE_IPAD = NO;
				SUPPORTS_XR_DESIGNED_FOR_IPHONE_IPAD = NO;
				SWIFT_EMIT_LOC_STRINGS = NO;
				SWIFT_VERSION = 5.0;
				TARGETED_DEVICE_FAMILY = 1;
				TEST_TARGET_NAME = "Sewing Planner";
			};
			name = Release;
		};
/* End XCBuildConfiguration section */

/* Begin XCConfigurationList section */
		6E2126EA2EAC6AD600A7DC68 /* Build configuration list for PBXNativeTarget "ReceiveImage" */ = {
			isa = XCConfigurationList;
			buildConfigurations = (
				6E2126EB2EAC6AD600A7DC68 /* Debug */,
				6E2126EC2EAC6AD600A7DC68 /* Release */,
			);
			defaultConfigurationIsVisible = 0;
			defaultConfigurationName = Release;
		};
		6E4914202EB2A0B30077C63D /* Build configuration list for PBXNativeTarget "Sewing PlannerUnitTests" */ = {
			isa = XCConfigurationList;
			buildConfigurations = (
				6E4914212EB2A0B30077C63D /* Debug */,
				6E4914222EB2A0B30077C63D /* Release */,
			);
			defaultConfigurationIsVisible = 0;
			defaultConfigurationName = Release;
		};
		6EF0C8342BED3CE200E7576F /* Build configuration list for PBXProject "Sewing Planner" */ = {
			isa = XCConfigurationList;
			buildConfigurations = (
				6EF0C85C2BED3CE400E7576F /* Debug */,
				6EF0C85D2BED3CE400E7576F /* Release */,
			);
			defaultConfigurationIsVisible = 0;
			defaultConfigurationName = Release;
		};
		6EF0C85E2BED3CE400E7576F /* Build configuration list for PBXNativeTarget "Sewing Planner" */ = {
			isa = XCConfigurationList;
			buildConfigurations = (
				6EF0C85F2BED3CE400E7576F /* Debug */,
				6EF0C8602BED3CE400E7576F /* Release */,
			);
			defaultConfigurationIsVisible = 0;
			defaultConfigurationName = Release;
		};
		6EF0C8642BED3CE400E7576F /* Build configuration list for PBXNativeTarget "Sewing PlannerUITests" */ = {
			isa = XCConfigurationList;
			buildConfigurations = (
				6EF0C8652BED3CE400E7576F /* Debug */,
				6EF0C8662BED3CE400E7576F /* Release */,
			);
			defaultConfigurationIsVisible = 0;
			defaultConfigurationName = Release;
		};
/* End XCConfigurationList section */

/* Begin XCRemoteSwiftPackageReference section */
		6E572DC92C49E03F008BCF24 /* XCRemoteSwiftPackageReference "GRDB.swift" */ = {
			isa = XCRemoteSwiftPackageReference;
			repositoryURL = "https://github.com/groue/GRDB.swift.git";
			requirement = {
				branch = master;
				kind = branch;
			};
		};
/* End XCRemoteSwiftPackageReference section */

/* Begin XCSwiftPackageProductDependency section */
		6E490FBA2EAD46130077C63D /* GRDB */ = {
			isa = XCSwiftPackageProductDependency;
			package = 6E572DC92C49E03F008BCF24 /* XCRemoteSwiftPackageReference "GRDB.swift" */;
			productName = GRDB;
		};
		6E572DCA2C49E03F008BCF24 /* GRDB */ = {
			isa = XCSwiftPackageProductDependency;
			package = 6E572DC92C49E03F008BCF24 /* XCRemoteSwiftPackageReference "GRDB.swift" */;
			productName = GRDB;
		};
/* End XCSwiftPackageProductDependency section */
	};
	rootObject = 6EF0C8312BED3CE200E7576F /* Project object */;
}
